
Microsoft Visual Studio Solution File, Format Version 12.00
# Visual Studio Version 17
VisualStudioVersion = 17.14.36414.22 d17.14
MinimumVisualStudioVersion = 10.0.40219.1
Project("{FAE04EC0-301F-11D3-BF4B-00C04F79EFBC}") = "praktik 6.4_yulmenina", "praktik 6.4_yulmenina.csproj", "{9007FE3F-618D-4A4F-B9C8-6663F474111C}"
EndProject
Global
	GlobalSection(SolutionConfigurationPlatforms) = preSolution
		Debug|Any CPU = Debug|Any CPU
		Release|Any CPU = Release|Any CPU
	EndGlobalSection
	GlobalSection(ProjectConfigurationPlatforms) = postSolution
		{9007FE3F-618D-4A4F-B9C8-6663F474111C}.Debug|Any CPU.ActiveCfg = Debug|Any CPU
		{9007FE3F-618D-4A4F-B9C8-6663F474111C}.Debug|Any CPU.Build.0 = Debug|Any CPU
		{9007FE3F-618D-4A4F-B9C8-6663F474111C}.Release|Any CPU.ActiveCfg = Release|Any CPU
		{9007FE3F-618D-4A4F-B9C8-6663F474111C}.Release|Any CPU.Build.0 = Release|Any CPU
	EndGlobalSection
	GlobalSection(SolutionProperties) = preSolution
		HideSolutionNode = FALSE
	EndGlobalSection
	GlobalSection(ExtensibilityGlobals) = postSolution
		SolutionGuid = {9E6B53CD-2681-46B3-9FE9-5860947B0B76}
	EndGlobalSection
EndGlobal
